
Microsoft Visual Studio Solution File, Format Version 12.00
Project("{FAE04EC0-301F-11D3-BF4B-00C04F79EFBC}") = "CalculationMethods_L1_WPF", "CalculationMethods_L1_WPF.csproj", "{F26E0AB1-344F-40BE-975F-7A6D787DD199}"
EndProject
Global
	GlobalSection(SolutionConfigurationPlatforms) = preSolution
		Debug|Any CPU = Debug|Any CPU
		Release|Any CPU = Release|Any CPU
	EndGlobalSection
	GlobalSection(ProjectConfigurationPlatforms) = postSolution
		{F26E0AB1-344F-40BE-975F-7A6D787DD199}.Debug|Any CPU.ActiveCfg = Debug|Any CPU
		{F26E0AB1-344F-40BE-975F-7A6D787DD199}.Debug|Any CPU.Build.0 = Debug|Any CPU
		{F26E0AB1-344F-40BE-975F-7A6D787DD199}.Release|Any CPU.ActiveCfg = Release|Any CPU
		{F26E0AB1-344F-40BE-975F-7A6D787DD199}.Release|Any CPU.Build.0 = Release|Any CPU
	EndGlobalSection
EndGlobal
